
Microsoft Visual Studio Solution File, Format Version 12.00
# Visual Studio Version 17
VisualStudioVersion = 17.12.35728.132
MinimumVisualStudioVersion = 10.0.40219.1
Project("{2150E333-8FDC-42A3-9474-1A3956D46DE8}") = "Lab4", "Lab4", "{36D591C7-65C7-A0D1-1CBC-10CDE441BDC8}"
EndProject
Project("{8BC9CEB8-8B4A-11D0-8D11-00A0C91BC942}") = "Server", "Lab4\Server\Server.vcxproj", "{15CA7D6A-34DF-4187-84DB-2793402B82D2}"
	ProjectSection(ProjectDependencies) = postProject
		{299DA2D8-734C-4EF7-9C47-82108ABB1C2C} = {299DA2D8-734C-4EF7-9C47-82108ABB1C2C}
	EndProjectSection
EndProject
Project("{FAE04EC0-301F-11D3-BF4B-00C04F79EFBC}") = "Client", "Lab4\Client\Client.csproj", "{4F380EB0-78CD-479D-A159-BA62561B5A6F}"
	ProjectSection(ProjectDependencies) = postProject
		{299DA2D8-734C-4EF7-9C47-82108ABB1C2C} = {299DA2D8-734C-4EF7-9C47-82108ABB1C2C}
	EndProjectSection
EndProject
Project("{8BC9CEB8-8B4A-11D0-8D11-00A0C91BC942}") = "DLL", "Lab4\DLL\DLL.vcxproj", "{299DA2D8-734C-4EF7-9C47-82108ABB1C2C}"
EndProject
Project("{2150E333-8FDC-42A3-9474-1A3956D46DE8}") = "Lab2", "Lab2", "{370C49F5-1BDE-4DB3-940F-03128B7EF7D3}"
EndProject
Project("{8BC9CEB8-8B4A-11D0-8D11-00A0C91BC942}") = "DLL", "Lab2\DLL\DLL.vcxproj", "{8BDE0052-B39B-47BD-9079-1EE58E77D242}"
EndProject
Project("{8BC9CEB8-8B4A-11D0-8D11-00A0C91BC942}") = "CPP", "Lab2\CPP\CPP.vcxproj", "{0E8A114E-5F98-45B9-9ACA-6D2FEC61797D}"
	ProjectSection(ProjectDependencies) = postProject
		{8BDE0052-B39B-47BD-9079-1EE58E77D242} = {8BDE0052-B39B-47BD-9079-1EE58E77D242}
	EndProjectSection
EndProject
Project("{FAE04EC0-301F-11D3-BF4B-00C04F79EFBC}") = "CSharp", "Lab2\CSharp\CSharp.csproj", "{9FB21345-D967-4748-C74D-7FD632940CD9}"
	ProjectSection(ProjectDependencies) = postProject
		{0E8A114E-5F98-45B9-9ACA-6D2FEC61797D} = {0E8A114E-5F98-45B9-9ACA-6D2FEC61797D}
		{8BDE0052-B39B-47BD-9079-1EE58E77D242} = {8BDE0052-B39B-47BD-9079-1EE58E77D242}
	EndProjectSection
EndProject
Project("{2150E333-8FDC-42A3-9474-1A3956D46DE8}") = "Lab3", "Lab3", "{778647B5-716B-4796-89ED-3A80C185EBBC}"
EndProject
Project("{8BC9CEB8-8B4A-11D0-8D11-00A0C91BC942}") = "DLL", "Lab3\DLL\DLL.vcxproj", "{2272B1EB-BE26-4B26-8F1C-66EAD9C2610B}"
EndProject
Project("{8BC9CEB8-8B4A-11D0-8D11-00A0C91BC942}") = "Server", "Lab3\Server\Server.vcxproj", "{C9783DB0-0389-4BCD-BDD8-7DBC74EBE1A8}"
	ProjectSection(ProjectDependencies) = postProject
		{2272B1EB-BE26-4B26-8F1C-66EAD9C2610B} = {2272B1EB-BE26-4B26-8F1C-66EAD9C2610B}
	EndProjectSection
EndProject
Project("{FAE04EC0-301F-11D3-BF4B-00C04F79EFBC}") = "CSharp", "Lab3\CSharp\CSharp.csproj", "{97E9F213-E82D-B42E-AC20-48E6B6F914F7}"
	ProjectSection(ProjectDependencies) = postProject
		{2272B1EB-BE26-4B26-8F1C-66EAD9C2610B} = {2272B1EB-BE26-4B26-8F1C-66EAD9C2610B}
	EndProjectSection
EndProject
Global
	GlobalSection(SolutionConfigurationPlatforms) = preSolution
		Debug|Any CPU = Debug|Any CPU
		Debug|ARM64 = Debug|ARM64
		Debug|x64 = Debug|x64
		Release|Any CPU = Release|Any CPU
		Release|ARM64 = Release|ARM64
		Release|x64 = Release|x64
	EndGlobalSection
	GlobalSection(ProjectConfigurationPlatforms) = postSolution
		{15CA7D6A-34DF-4187-84DB-2793402B82D2}.Debug|Any CPU.ActiveCfg = Debug|x64
		{15CA7D6A-34DF-4187-84DB-2793402B82D2}.Debug|Any CPU.Build.0 = Debug|x64
		{15CA7D6A-34DF-4187-84DB-2793402B82D2}.Debug|ARM64.ActiveCfg = Debug|ARM64
		{15CA7D6A-34DF-4187-84DB-2793402B82D2}.Debug|ARM64.Build.0 = Debug|ARM64
		{15CA7D6A-34DF-4187-84DB-2793402B82D2}.Debug|x64.ActiveCfg = Debug|x64
		{15CA7D6A-34DF-4187-84DB-2793402B82D2}.Debug|x64.Build.0 = Debug|x64
		{15CA7D6A-34DF-4187-84DB-2793402B82D2}.Release|Any CPU.ActiveCfg = Release|x64
		{15CA7D6A-34DF-4187-84DB-2793402B82D2}.Release|Any CPU.Build.0 = Release|x64
		{15CA7D6A-34DF-4187-84DB-2793402B82D2}.Release|ARM64.ActiveCfg = Release|ARM64
		{15CA7D6A-34DF-4187-84DB-2793402B82D2}.Release|ARM64.Build.0 = Release|ARM64
		{15CA7D6A-34DF-4187-84DB-2793402B82D2}.Release|x64.ActiveCfg = Release|x64
		{15CA7D6A-34DF-4187-84DB-2793402B82D2}.Release|x64.Build.0 = Release|x64
		{4F380EB0-78CD-479D-A159-BA62561B5A6F}.Debug|Any CPU.ActiveCfg = Debug|Any CPU
		{4F380EB0-78CD-479D-A159-BA62561B5A6F}.Debug|Any CPU.Build.0 = Debug|Any CPU
		{4F380EB0-78CD-479D-A159-BA62561B5A6F}.Debug|ARM64.ActiveCfg = Debug|Any CPU
		{4F380EB0-78CD-479D-A159-BA62561B5A6F}.Debug|ARM64.Build.0 = Debug|Any CPU
		{4F380EB0-78CD-479D-A159-BA62561B5A6F}.Debug|x64.ActiveCfg = Debug|Any CPU
		{4F380EB0-78CD-479D-A159-BA62561B5A6F}.Debug|x64.Build.0 = Debug|Any CPU
		{4F380EB0-78CD-479D-A159-BA62561B5A6F}.Release|Any CPU.ActiveCfg = Release|Any CPU
		{4F380EB0-78CD-479D-A159-BA62561B5A6F}.Release|Any CPU.Build.0 = Release|Any CPU
		{4F380EB0-78CD-479D-A159-BA62561B5A6F}.Release|ARM64.ActiveCfg = Release|Any CPU
		{4F380EB0-78CD-479D-A159-BA62561B5A6F}.Release|ARM64.Build.0 = Release|Any CPU
		{4F380EB0-78CD-479D-A159-BA62561B5A6F}.Release|x64.ActiveCfg = Release|Any CPU
		{4F380EB0-78CD-479D-A159-BA62561B5A6F}.Release|x64.Build.0 = Release|Any CPU
		{299DA2D8-734C-4EF7-9C47-82108ABB1C2C}.Debug|Any CPU.ActiveCfg = Debug|x64
		{299DA2D8-734C-4EF7-9C47-82108ABB1C2C}.Debug|Any CPU.Build.0 = Debug|x64
		{299DA2D8-734C-4EF7-9C47-82108ABB1C2C}.Debug|ARM64.ActiveCfg = Debug|ARM64
		{299DA2D8-734C-4EF7-9C47-82108ABB1C2C}.Debug|ARM64.Build.0 = Debug|ARM64
		{299DA2D8-734C-4EF7-9C47-82108ABB1C2C}.Debug|x64.ActiveCfg = Debug|x64
		{299DA2D8-734C-4EF7-9C47-82108ABB1C2C}.Debug|x64.Build.0 = Debug|x64
		{299DA2D8-734C-4EF7-9C47-82108ABB1C2C}.Release|Any CPU.ActiveCfg = Release|x64
		{299DA2D8-734C-4EF7-9C47-82108ABB1C2C}.Release|Any CPU.Build.0 = Release|x64
		{299DA2D8-734C-4EF7-9C47-82108ABB1C2C}.Release|ARM64.ActiveCfg = Release|ARM64
		{299DA2D8-734C-4EF7-9C47-82108ABB1C2C}.Release|ARM64.Build.0 = Release|ARM64
		{299DA2D8-734C-4EF7-9C47-82108ABB1C2C}.Release|x64.ActiveCfg = Release|x64
		{299DA2D8-734C-4EF7-9C47-82108ABB1C2C}.Release|x64.Build.0 = Release|x64
		{8BDE0052-B39B-47BD-9079-1EE58E77D242}.Debug|Any CPU.ActiveCfg = Debug|x64
		{8BDE0052-B39B-47BD-9079-1EE58E77D242}.Debug|Any CPU.Build.0 = Debug|x64
		{8BDE0052-B39B-47BD-9079-1EE58E77D242}.Debug|ARM64.ActiveCfg = Debug|ARM64
		{8BDE0052-B39B-47BD-9079-1EE58E77D242}.Debug|ARM64.Build.0 = Debug|ARM64
		{8BDE0052-B39B-47BD-9079-1EE58E77D242}.Debug|x64.ActiveCfg = Debug|x64
		{8BDE0052-B39B-47BD-9079-1EE58E77D242}.Debug|x64.Build.0 = Debug|x64
		{8BDE0052-B39B-47BD-9079-1EE58E77D242}.Release|Any CPU.ActiveCfg = Release|x64
		{8BDE0052-B39B-47BD-9079-1EE58E77D242}.Release|Any CPU.Build.0 = Release|x64
		{8BDE0052-B39B-47BD-9079-1EE58E77D242}.Release|ARM64.ActiveCfg = Release|ARM64
		{8BDE0052-B39B-47BD-9079-1EE58E77D242}.Release|ARM64.Build.0 = Release|ARM64
		{8BDE0052-B39B-47BD-9079-1EE58E77D242}.Release|x64.ActiveCfg = Release|x64
		{8BDE0052-B39B-47BD-9079-1EE58E77D242}.Release|x64.Build.0 = Release|x64
		{0E8A114E-5F98-45B9-9ACA-6D2FEC61797D}.Debug|Any CPU.ActiveCfg = Debug|x64
		{0E8A114E-5F98-45B9-9ACA-6D2FEC61797D}.Debug|Any CPU.Build.0 = Debug|x64
		{0E8A114E-5F98-45B9-9ACA-6D2FEC61797D}.Debug|ARM64.ActiveCfg = Debug|x64
		{0E8A114E-5F98-45B9-9ACA-6D2FEC61797D}.Debug|ARM64.Build.0 = Debug|x64
		{0E8A114E-5F98-45B9-9ACA-6D2FEC61797D}.Debug|x64.ActiveCfg = Debug|x64
		{0E8A114E-5F98-45B9-9ACA-6D2FEC61797D}.Debug|x64.Build.0 = Debug|x64
		{0E8A114E-5F98-45B9-9ACA-6D2FEC61797D}.Release|Any CPU.ActiveCfg = Release|x64
		{0E8A114E-5F98-45B9-9ACA-6D2FEC61797D}.Release|Any CPU.Build.0 = Release|x64
		{0E8A114E-5F98-45B9-9ACA-6D2FEC61797D}.Release|ARM64.ActiveCfg = Release|x64
		{0E8A114E-5F98-45B9-9ACA-6D2FEC61797D}.Release|ARM64.Build.0 = Release|x64
		{0E8A114E-5F98-45B9-9ACA-6D2FEC61797D}.Release|x64.ActiveCfg = Release|x64
		{0E8A114E-5F98-45B9-9ACA-6D2FEC61797D}.Release|x64.Build.0 = Release|x64
		{9FB21345-D967-4748-C74D-7FD632940CD9}.Debug|Any CPU.ActiveCfg = Debug|Any CPU
		{9FB21345-D967-4748-C74D-7FD632940CD9}.Debug|Any CPU.Build.0 = Debug|Any CPU
		{9FB21345-D967-4748-C74D-7FD632940CD9}.Debug|ARM64.ActiveCfg = Debug|Any CPU
		{9FB21345-D967-4748-C74D-7FD632940CD9}.Debug|ARM64.Build.0 = Debug|Any CPU
		{9FB21345-D967-4748-C74D-7FD632940CD9}.Debug|x64.ActiveCfg = Debug|Any CPU
		{9FB21345-D967-4748-C74D-7FD632940CD9}.Debug|x64.Build.0 = Debug|Any CPU
		{9FB21345-D967-4748-C74D-7FD632940CD9}.Release|Any CPU.ActiveCfg = Release|Any CPU
		{9FB21345-D967-4748-C74D-7FD632940CD9}.Release|Any CPU.Build.0 = Release|Any CPU
		{9FB21345-D967-4748-C74D-7FD632940CD9}.Release|ARM64.ActiveCfg = Release|Any CPU
		{9FB21345-D967-4748-C74D-7FD632940CD9}.Release|ARM64.Build.0 = Release|Any CPU
		{9FB21345-D967-4748-C74D-7FD632940CD9}.Release|x64.ActiveCfg = Release|Any CPU
		{9FB21345-D967-4748-C74D-7FD632940CD9}.Release|x64.Build.0 = Release|Any CPU
		{2272B1EB-BE26-4B26-8F1C-66EAD9C2610B}.Debug|Any CPU.ActiveCfg = Debug|x64
		{2272B1EB-BE26-4B26-8F1C-66EAD9C2610B}.Debug|Any CPU.Build.0 = Debug|x64
		{2272B1EB-BE26-4B26-8F1C-66EAD9C2610B}.Debug|ARM64.ActiveCfg = Debug|ARM64
		{2272B1EB-BE26-4B26-8F1C-66EAD9C2610B}.Debug|ARM64.Build.0 = Debug|ARM64
		{2272B1EB-BE26-4B26-8F1C-66EAD9C2610B}.Debug|x64.ActiveCfg = Debug|x64
		{2272B1EB-BE26-4B26-8F1C-66EAD9C2610B}.Debug|x64.Build.0 = Debug|x64
		{2272B1EB-BE26-4B26-8F1C-66EAD9C2610B}.Release|Any CPU.ActiveCfg = Release|x64
		{2272B1EB-BE26-4B26-8F1C-66EAD9C2610B}.Release|Any CPU.Build.0 = Release|x64
		{2272B1EB-BE26-4B26-8F1C-66EAD9C2610B}.Release|ARM64.ActiveCfg = Release|ARM64
		{2272B1EB-BE26-4B26-8F1C-66EAD9C2610B}.Release|ARM64.Build.0 = Release|ARM64
		{2272B1EB-BE26-4B26-8F1C-66EAD9C2610B}.Release|x64.ActiveCfg = Release|x64
		{2272B1EB-BE26-4B26-8F1C-66EAD9C2610B}.Release|x64.Build.0 = Release|x64
		{C9783DB0-0389-4BCD-BDD8-7DBC74EBE1A8}.Debug|Any CPU.ActiveCfg = Debug|x64
		{C9783DB0-0389-4BCD-BDD8-7DBC74EBE1A8}.Debug|Any CPU.Build.0 = Debug|x64
		{C9783DB0-0389-4BCD-BDD8-7DBC74EBE1A8}.Debug|ARM64.ActiveCfg = Debug|ARM64
		{C9783DB0-0389-4BCD-BDD8-7DBC74EBE1A8}.Debug|ARM64.Build.0 = Debug|ARM64
		{C9783DB0-0389-4BCD-BDD8-7DBC74EBE1A8}.Debug|x64.ActiveCfg = Debug|x64
		{C9783DB0-0389-4BCD-BDD8-7DBC74EBE1A8}.Debug|x64.Build.0 = Debug|x64
		{C9783DB0-0389-4BCD-BDD8-7DBC74EBE1A8}.Release|Any CPU.ActiveCfg = Release|x64
		{C9783DB0-0389-4BCD-BDD8-7DBC74EBE1A8}.Release|Any CPU.Build.0 = Release|x64
		{C9783DB0-0389-4BCD-BDD8-7DBC74EBE1A8}.Release|ARM64.ActiveCfg = Release|ARM64
		{C9783DB0-0389-4BCD-BDD8-7DBC74EBE1A8}.Release|ARM64.Build.0 = Release|ARM64
		{C9783DB0-0389-4BCD-BDD8-7DBC74EBE1A8}.Release|x64.ActiveCfg = Release|x64
		{C9783DB0-0389-4BCD-BDD8-7DBC74EBE1A8}.Release|x64.Build.0 = Release|x64
		{97E9F213-E82D-B42E-AC20-48E6B6F914F7}.Debug|Any CPU.ActiveCfg = Debug|Any CPU
		{97E9F213-E82D-B42E-AC20-48E6B6F914F7}.Debug|Any CPU.Build.0 = Debug|Any CPU
		{97E9F213-E82D-B42E-AC20-48E6B6F914F7}.Debug|ARM64.ActiveCfg = Debug|Any CPU
		{97E9F213-E82D-B42E-AC20-48E6B6F914F7}.Debug|ARM64.Build.0 = Debug|Any CPU
		{97E9F213-E82D-B42E-AC20-48E6B6F914F7}.Debug|x64.ActiveCfg = Debug|Any CPU
		{97E9F213-E82D-B42E-AC20-48E6B6F914F7}.Debug|x64.Build.0 = Debug|Any CPU
		{97E9F213-E82D-B42E-AC20-48E6B6F914F7}.Release|Any CPU.ActiveCfg = Release|Any CPU
		{97E9F213-E82D-B42E-AC20-48E6B6F914F7}.Release|Any CPU.Build.0 = Release|Any CPU
		{97E9F213-E82D-B42E-AC20-48E6B6F914F7}.Release|ARM64.ActiveCfg = Release|Any CPU
		{97E9F213-E82D-B42E-AC20-48E6B6F914F7}.Release|ARM64.Build.0 = Release|Any CPU
		{97E9F213-E82D-B42E-AC20-48E6B6F914F7}.Release|x64.ActiveCfg = Release|Any CPU
		{97E9F213-E82D-B42E-AC20-48E6B6F914F7}.Release|x64.Build.0 = Release|Any CPU
	EndGlobalSection
	GlobalSection(SolutionProperties) = preSolution
		HideSolutionNode = FALSE
	EndGlobalSection
	GlobalSection(NestedProjects) = preSolution
		{15CA7D6A-34DF-4187-84DB-2793402B82D2} = {36D591C7-65C7-A0D1-1CBC-10CDE441BDC8}
		{4F380EB0-78CD-479D-A159-BA62561B5A6F} = {36D591C7-65C7-A0D1-1CBC-10CDE441BDC8}
		{299DA2D8-734C-4EF7-9C47-82108ABB1C2C} = {36D591C7-65C7-A0D1-1CBC-10CDE441BDC8}
		{8BDE0052-B39B-47BD-9079-1EE58E77D242} = {370C49F5-1BDE-4DB3-940F-03128B7EF7D3}
		{0E8A114E-5F98-45B9-9ACA-6D2FEC61797D} = {370C49F5-1BDE-4DB3-940F-03128B7EF7D3}
		{9FB21345-D967-4748-C74D-7FD632940CD9} = {370C49F5-1BDE-4DB3-940F-03128B7EF7D3}
		{2272B1EB-BE26-4B26-8F1C-66EAD9C2610B} = {778647B5-716B-4796-89ED-3A80C185EBBC}
		{C9783DB0-0389-4BCD-BDD8-7DBC74EBE1A8} = {778647B5-716B-4796-89ED-3A80C185EBBC}
		{97E9F213-E82D-B42E-AC20-48E6B6F914F7} = {778647B5-716B-4796-89ED-3A80C185EBBC}
	EndGlobalSection
	GlobalSection(ExtensibilityGlobals) = postSolution
		SolutionGuid = {C837DE8D-D63E-4F3D-8466-DAF8EFB4A0F6}
	EndGlobalSection
EndGlobal
